
Microsoft Visual Studio Solution File, Format Version 12.00
# Visual Studio Version 16
VisualStudioVersion = 16.0.30320.27
MinimumVisualStudioVersion = 10.0.40219.1
Project("{9A19103F-16F7-4668-BE54-9A1E7A4F7556}") = "ConsumerAPI", "ConsumerAPI\ConsumerAPI.csproj", "{FEB65C27-CA8E-471A-B09B-45FBC8F73776}"
EndProject
Global
	GlobalSection(SolutionConfigurationPlatforms) = preSolution
		Debug|Any CPU = Debug|Any CPU
		Release|Any CPU = Release|Any CPU
	EndGlobalSection
	GlobalSection(ProjectConfigurationPlatforms) = postSolution
		{FEB65C27-CA8E-471A-B09B-45FBC8F73776}.Debug|Any CPU.ActiveCfg = Debug|Any CPU
		{FEB65C27-CA8E-471A-B09B-45FBC8F73776}.Debug|Any CPU.Build.0 = Debug|Any CPU
		{FEB65C27-CA8E-471A-B09B-45FBC8F73776}.Release|Any CPU.ActiveCfg = Release|Any CPU
		{FEB65C27-CA8E-471A-B09B-45FBC8F73776}.Release|Any CPU.Build.0 = Release|Any CPU
	EndGlobalSection
	GlobalSection(SolutionProperties) = preSolution
		HideSolutionNode = FALSE
	EndGlobalSection
	GlobalSection(ExtensibilityGlobals) = postSolution
		SolutionGuid = {05B1F481-863E-41C4-AACA-0F5D7481A1A9}
	EndGlobalSection
EndGlobal
